// !$*UTF8*$!
{
	archiveVersion = 1;
	classes = {
	};
	objectVersion = 46;
	objects = {

/* Begin PBXBuildFile section */
		2982C07B14D3D5D10079E3AF /* Cocoa.framework in Frameworks */ = {isa = PBXBuildFile; fileRef = 2982C07A14D3D5D10079E3AF /* Cocoa.framework */; };
		2982C08514D3D5D10079E3AF /* InfoPlist.strings in Resources */ = {isa = PBXBuildFile; fileRef = 2982C08314D3D5D10079E3AF /* InfoPlist.strings */; };
		2982C08914D3D5D10079E3AF /* Lua.m in Sources */ = {isa = PBXBuildFile; fileRef = 2982C08814D3D5D10079E3AF /* Lua.m */; };
		2982C0C314D3DA420079E3AF /* Lua.h in Headers */ = {isa = PBXBuildFile; fileRef = 2982C08714D3D5D10079E3AF /* Lua.h */; settings = {ATTRIBUTES = (Public, ); }; };
		2982C0C614D3DBDD0079E3AF /* LuaScript.h in Headers */ = {isa = PBXBuildFile; fileRef = 2982C0C414D3DBDD0079E3AF /* LuaScript.h */; settings = {ATTRIBUTES = (Public, ); }; };
		2982C0C714D3DBDD0079E3AF /* LuaScript.m in Sources */ = {isa = PBXBuildFile; fileRef = 2982C0C514D3DBDD0079E3AF /* LuaScript.m */; };
/* End PBXBuildFile section */

/* Begin PBXContainerItemProxy section */
		E4B0878B1AF09C3300709590 /* PBXContainerItemProxy */ = {
			isa = PBXContainerItemProxy;
			containerPortal = 2982C06D14D3D5D10079E3AF /* Project object */;
			proxyType = 1;
			remoteGlobalIDString = E4B087871AF09C0700709590;
			remoteInfo = libluajit;
		};
/* End PBXContainerItemProxy section */

/* Begin PBXFileReference section */
		2982C07714D3D5D10079E3AF /* Lua.framework */ = {isa = PBXFileReference; explicitFileType = wrapper.framework; includeInIndex = 0; path = Lua.framework; sourceTree = BUILT_PRODUCTS_DIR; };
		2982C07A14D3D5D10079E3AF /* Cocoa.framework */ = {isa = PBXFileReference; lastKnownFileType = wrapper.framework; name = Cocoa.framework; path = System/Library/Frameworks/Cocoa.framework; sourceTree = SDKROOT; };
		2982C07D14D3D5D10079E3AF /* AppKit.framework */ = {isa = PBXFileReference; lastKnownFileType = wrapper.framework; name = AppKit.framework; path = System/Library/Frameworks/AppKit.framework; sourceTree = SDKROOT; };
		2982C07E14D3D5D10079E3AF /* CoreData.framework */ = {isa = PBXFileReference; lastKnownFileType = wrapper.framework; name = CoreData.framework; path = System/Library/Frameworks/CoreData.framework; sourceTree = SDKROOT; };
		2982C07F14D3D5D10079E3AF /* Foundation.framework */ = {isa = PBXFileReference; lastKnownFileType = wrapper.framework; name = Foundation.framework; path = System/Library/Frameworks/Foundation.framework; sourceTree = SDKROOT; };
		2982C08214D3D5D10079E3AF /* Lua-Info.plist */ = {isa = PBXFileReference; lastKnownFileType = text.plist.xml; path = "Lua-Info.plist"; sourceTree = "<group>"; };
		2982C08414D3D5D10079E3AF /* en */ = {isa = PBXFileReference; lastKnownFileType = text.plist.strings; name = en; path = en.lproj/InfoPlist.strings; sourceTree = "<group>"; };
		2982C08614D3D5D10079E3AF /* Lua-Prefix.pch */ = {isa = PBXFileReference; lastKnownFileType = sourcecode.c.h; path = "Lua-Prefix.pch"; sourceTree = "<group>"; };
		2982C08714D3D5D10079E3AF /* Lua.h */ = {isa = PBXFileReference; lastKnownFileType = sourcecode.c.h; path = Lua.h; sourceTree = "<group>"; };
		2982C08814D3D5D10079E3AF /* Lua.m */ = {isa = PBXFileReference; lastKnownFileType = sourcecode.c.objc; path = Lua.m; sourceTree = "<group>"; };
		2982C0C414D3DBDD0079E3AF /* LuaScript.h */ = {isa = PBXFileReference; fileEncoding = 4; lastKnownFileType = sourcecode.c.h; path = LuaScript.h; sourceTree = "<group>"; };
		2982C0C514D3DBDD0079E3AF /* LuaScript.m */ = {isa = PBXFileReference; fileEncoding = 4; lastKnownFileType = sourcecode.c.objc; path = LuaScript.m; sourceTree = "<group>"; };
/* End PBXFileReference section */

/* Begin PBXFrameworksBuildPhase section */
		2982C07314D3D5D10079E3AF /* Frameworks */ = {
			isa = PBXFrameworksBuildPhase;
			buildActionMask = 2147483647;
			files = (
				2982C07B14D3D5D10079E3AF /* Cocoa.framework in Frameworks */,
			);
			runOnlyForDeploymentPostprocessing = 0;
		};
/* End PBXFrameworksBuildPhase section */

/* Begin PBXGroup section */
		2982C06B14D3D5D10079E3AF = {
			isa = PBXGroup;
			children = (
				2982C08014D3D5D10079E3AF /* Lua */,
				2982C07914D3D5D10079E3AF /* Frameworks */,
				2982C07814D3D5D10079E3AF /* Products */,
			);
			sourceTree = "<group>";
		};
		2982C07814D3D5D10079E3AF /* Products */ = {
			isa = PBXGroup;
			children = (
				2982C07714D3D5D10079E3AF /* Lua.framework */,
			);
			name = Products;
			sourceTree = "<group>";
		};
		2982C07914D3D5D10079E3AF /* Frameworks */ = {
			isa = PBXGroup;
			children = (
				2982C07A14D3D5D10079E3AF /* Cocoa.framework */,
				2982C07C14D3D5D10079E3AF /* Other Frameworks */,
			);
			name = Frameworks;
			sourceTree = "<group>";
		};
		2982C07C14D3D5D10079E3AF /* Other Frameworks */ = {
			isa = PBXGroup;
			children = (
				2982C07D14D3D5D10079E3AF /* AppKit.framework */,
				2982C07E14D3D5D10079E3AF /* CoreData.framework */,
				2982C07F14D3D5D10079E3AF /* Foundation.framework */,
			);
			name = "Other Frameworks";
			sourceTree = "<group>";
		};
		2982C08014D3D5D10079E3AF /* Lua */ = {
			isa = PBXGroup;
			children = (
				2982C08714D3D5D10079E3AF /* Lua.h */,
				2982C08814D3D5D10079E3AF /* Lua.m */,
				2982C0C414D3DBDD0079E3AF /* LuaScript.h */,
				2982C0C514D3DBDD0079E3AF /* LuaScript.m */,
				2982C08114D3D5D10079E3AF /* Supporting Files */,
			);
			path = Lua;
			sourceTree = "<group>";
		};
		2982C08114D3D5D10079E3AF /* Supporting Files */ = {
			isa = PBXGroup;
			children = (
				2982C08214D3D5D10079E3AF /* Lua-Info.plist */,
				2982C08314D3D5D10079E3AF /* InfoPlist.strings */,
				2982C08614D3D5D10079E3AF /* Lua-Prefix.pch */,
			);
			name = "Supporting Files";
			sourceTree = "<group>";
		};
/* End PBXGroup section */

/* Begin PBXHeadersBuildPhase section */
		2982C07414D3D5D10079E3AF /* Headers */ = {
			isa = PBXHeadersBuildPhase;
			buildActionMask = 2147483647;
			files = (
				2982C0C314D3DA420079E3AF /* Lua.h in Headers */,
				2982C0C614D3DBDD0079E3AF /* LuaScript.h in Headers */,
			);
			runOnlyForDeploymentPostprocessing = 0;
		};
/* End PBXHeadersBuildPhase section */

/* Begin PBXLegacyTarget section */
		E4B087871AF09C0700709590 /* libluajit */ = {
			isa = PBXLegacyTarget;
			buildArgumentsString = " -j amalg";
			buildConfigurationList = E4B0878A1AF09C0700709590 /* Build configuration list for PBXLegacyTarget "libluajit" */;
			buildPhases = (
			);
			buildToolPath = make;
			buildWorkingDirectory = "$(PROJECT_DIR)/LuaJIT";
			dependencies = (
			);
			name = libluajit;
			passBuildSettingsInEnvironment = 1;
			productName = libluajit;
		};
/* End PBXLegacyTarget section */

/* Begin PBXNativeTarget section */
		2982C07614D3D5D10079E3AF /* Lua */ = {
			isa = PBXNativeTarget;
			buildConfigurationList = 2982C08C14D3D5D10079E3AF /* Build configuration list for PBXNativeTarget "Lua" */;
			buildPhases = (
				2982C07214D3D5D10079E3AF /* Sources */,
				2982C07314D3D5D10079E3AF /* Frameworks */,
				2982C07414D3D5D10079E3AF /* Headers */,
				2982C07514D3D5D10079E3AF /* Resources */,
			);
			buildRules = (
			);
			dependencies = (
				E4B0878C1AF09C3300709590 /* PBXTargetDependency */,
			);
			name = Lua;
			productName = Lua;
			productReference = 2982C07714D3D5D10079E3AF /* Lua.framework */;
			productType = "com.apple.product-type.framework";
		};
/* End PBXNativeTarget section */

/* Begin PBXProject section */
		2982C06D14D3D5D10079E3AF /* Project object */ = {
			isa = PBXProject;
			attributes = {
				LastUpgradeCheck = 0420;
				TargetAttributes = {
					E4B087871AF09C0700709590 = {
						CreatedOnToolsVersion = 6.3.1;
					};
				};
			};
			buildConfigurationList = 2982C07014D3D5D10079E3AF /* Build configuration list for PBXProject "Lua" */;
			compatibilityVersion = "Xcode 3.2";
			developmentRegion = English;
			hasScannedForEncodings = 0;
			knownRegions = (
				en,
			);
			mainGroup = 2982C06B14D3D5D10079E3AF;
			productRefGroup = 2982C07814D3D5D10079E3AF /* Products */;
			projectDirPath = "";
			projectRoot = "";
			targets = (
				2982C07614D3D5D10079E3AF /* Lua */,
				E4B087871AF09C0700709590 /* libluajit */,
			);
		};
/* End PBXProject section */

/* Begin PBXResourcesBuildPhase section */
		2982C07514D3D5D10079E3AF /* Resources */ = {
			isa = PBXResourcesBuildPhase;
			buildActionMask = 2147483647;
			files = (
				2982C08514D3D5D10079E3AF /* InfoPlist.strings in Resources */,
			);
			runOnlyForDeploymentPostprocessing = 0;
		};
/* End PBXResourcesBuildPhase section */

/* Begin PBXSourcesBuildPhase section */
		2982C07214D3D5D10079E3AF /* Sources */ = {
			isa = PBXSourcesBuildPhase;
			buildActionMask = 2147483647;
			files = (
				2982C08914D3D5D10079E3AF /* Lua.m in Sources */,
				2982C0C714D3DBDD0079E3AF /* LuaScript.m in Sources */,
			);
			runOnlyForDeploymentPostprocessing = 0;
		};
/* End PBXSourcesBuildPhase section */

/* Begin PBXTargetDependency section */
		E4B0878C1AF09C3300709590 /* PBXTargetDependency */ = {
			isa = PBXTargetDependency;
			target = E4B087871AF09C0700709590 /* libluajit */;
			targetProxy = E4B0878B1AF09C3300709590 /* PBXContainerItemProxy */;
		};
/* End PBXTargetDependency section */

/* Begin PBXVariantGroup section */
		2982C08314D3D5D10079E3AF /* InfoPlist.strings */ = {
			isa = PBXVariantGroup;
			children = (
				2982C08414D3D5D10079E3AF /* en */,
			);
			name = InfoPlist.strings;
			sourceTree = "<group>";
		};
/* End PBXVariantGroup section */

/* Begin XCBuildConfiguration section */
		2982C08A14D3D5D10079E3AF /* Debug */ = {
			isa = XCBuildConfiguration;
			buildSettings = {
				ALWAYS_SEARCH_USER_PATHS = NO;
				ARCHS = "$(ARCHS_STANDARD_64_BIT)";
				CLANG_ENABLE_OBJC_ARC = YES;
				COPY_PHASE_STRIP = NO;
				GCC_C_LANGUAGE_STANDARD = gnu99;
				GCC_DYNAMIC_NO_PIC = NO;
				GCC_ENABLE_OBJC_EXCEPTIONS = YES;
				GCC_OPTIMIZATION_LEVEL = 0;
				GCC_PREPROCESSOR_DEFINITIONS = (
					"DEBUG=1",
					"$(inherited)",
				);
				GCC_SYMBOLS_PRIVATE_EXTERN = NO;
				GCC_VERSION = com.apple.compilers.llvm.clang.1_0;
				GCC_WARN_64_TO_32_BIT_CONVERSION = YES;
				GCC_WARN_ABOUT_MISSING_PROTOTYPES = YES;
				GCC_WARN_ABOUT_RETURN_TYPE = YES;
				GCC_WARN_UNUSED_VARIABLE = YES;
				MACOSX_DEPLOYMENT_TARGET = 10.6;
				ONLY_ACTIVE_ARCH = YES;
				SDKROOT = macosx;
			};
			name = Debug;
		};
		2982C08B14D3D5D10079E3AF /* Release */ = {
			isa = XCBuildConfiguration;
			buildSettings = {
				ALWAYS_SEARCH_USER_PATHS = NO;
				ARCHS = "$(ARCHS_STANDARD_64_BIT)";
				CLANG_ENABLE_OBJC_ARC = YES;
				COPY_PHASE_STRIP = YES;
				DEBUG_INFORMATION_FORMAT = "dwarf-with-dsym";
				GCC_C_LANGUAGE_STANDARD = gnu99;
				GCC_ENABLE_OBJC_EXCEPTIONS = YES;
				GCC_VERSION = com.apple.compilers.llvm.clang.1_0;
				GCC_WARN_64_TO_32_BIT_CONVERSION = YES;
				GCC_WARN_ABOUT_MISSING_PROTOTYPES = YES;
				GCC_WARN_ABOUT_RETURN_TYPE = YES;
				GCC_WARN_UNUSED_VARIABLE = YES;
				MACOSX_DEPLOYMENT_TARGET = 10.6;
				SDKROOT = macosx;
			};
			name = Release;
		};
		2982C08D14D3D5D10079E3AF /* Debug */ = {
			isa = XCBuildConfiguration;
			buildSettings = {
				DYLIB_COMPATIBILITY_VERSION = 1;
				DYLIB_CURRENT_VERSION = 1;
				FRAMEWORK_VERSION = A;
				GCC_PRECOMPILE_PREFIX_HEADER = YES;
				GCC_PREFIX_HEADER = "Lua/Lua-Prefix.pch";
				HEADER_SEARCH_PATHS = "\"$(SRCROOT)/LuaJIT/src\"";
				INFOPLIST_FILE = "Lua/Lua-Info.plist";
				INSTALL_PATH = "@loader_path/../Frameworks";
				LIBRARY_SEARCH_PATHS = "\"$(SRCROOT)/LuaJIT/src\"";
				OTHER_LDFLAGS = "\"$(SRCROOT)/LuaJIT/src/libluajit.a\"";
				PRODUCT_NAME = "$(TARGET_NAME)";
				WRAPPER_EXTENSION = framework;
			};
			name = Debug;
		};
		2982C08E14D3D5D10079E3AF /* Release */ = {
			isa = XCBuildConfiguration;
			buildSettings = {
				DYLIB_COMPATIBILITY_VERSION = 1;
				DYLIB_CURRENT_VERSION = 1;
				FRAMEWORK_VERSION = A;
				GCC_PRECOMPILE_PREFIX_HEADER = YES;
				GCC_PREFIX_HEADER = "Lua/Lua-Prefix.pch";
				HEADER_SEARCH_PATHS = "\"$(SRCROOT)/LuaJIT/src\"";
				INFOPLIST_FILE = "Lua/Lua-Info.plist";
				INSTALL_PATH = "@loader_path/../Frameworks";
				LIBRARY_SEARCH_PATHS = "\"$(SRCROOT)/LuaJIT/src\"";
				OTHER_LDFLAGS = "\"$(SRCROOT)/LuaJIT/src/libluajit.a\"";
				PRODUCT_NAME = "$(TARGET_NAME)";
				WRAPPER_EXTENSION = framework;
			};
			name = Release;
		};
		E4B087881AF09C0700709590 /* Debug */ = {
			isa = XCBuildConfiguration;
			buildSettings = {
				CLANG_CXX_LANGUAGE_STANDARD = "gnu++0x";
				CLANG_CXX_LIBRARY = "libc++";
				CLANG_ENABLE_MODULES = YES;
				CLANG_WARN_BOOL_CONVERSION = YES;
				CLANG_WARN_CONSTANT_CONVERSION = YES;
				CLANG_WARN_DIRECT_OBJC_ISA_USAGE = YES_ERROR;
				CLANG_WARN_EMPTY_BODY = YES;
				CLANG_WARN_ENUM_CONVERSION = YES;
				CLANG_WARN_INT_CONVERSION = YES;
				CLANG_WARN_OBJC_ROOT_CLASS = YES_ERROR;
				CLANG_WARN_UNREACHABLE_CODE = YES;
				CLANG_WARN__DUPLICATE_METHOD_MATCH = YES;
				DEBUGGING_SYMBOLS = YES;
				DEBUG_INFORMATION_FORMAT = dwarf;
				ENABLE_STRICT_OBJC_MSGSEND = YES;
				GCC_GENERATE_DEBUGGING_SYMBOLS = YES;
				GCC_NO_COMMON_BLOCKS = YES;
				GCC_OPTIMIZATION_LEVEL = 0;
				GCC_PREPROCESSOR_DEFINITIONS = (
					"DEBUG=1",
					"$(inherited)",
				);
				GCC_WARN_ABOUT_RETURN_TYPE = YES_ERROR;
				GCC_WARN_UNDECLARED_SELECTOR = YES;
				GCC_WARN_UNINITIALIZED_AUTOS = YES_AGGRESSIVE;
				GCC_WARN_UNUSED_FUNCTION = YES;
				MACOSX_DEPLOYMENT_TARGET = 10.10;
				MTL_ENABLE_DEBUG_INFO = YES;
				OTHER_CFLAGS = "";
				OTHER_LDFLAGS = "";
				PRODUCT_NAME = "$(TARGET_NAME)";
			};
			name = Debug;
		};
		E4B087891AF09C0700709590 /* Release */ = {
			isa = XCBuildConfiguration;
			buildSettings = {
				CLANG_CXX_LANGUAGE_STANDARD = "gnu++0x";
				CLANG_CXX_LIBRARY = "libc++";
				CLANG_ENABLE_MODULES = YES;
				CLANG_WARN_BOOL_CONVERSION = YES;
				CLANG_WARN_CONSTANT_CONVERSION = YES;
				CLANG_WARN_DIRECT_OBJC_ISA_USAGE = YES_ERROR;
				CLANG_WARN_EMPTY_BODY = YES;
				CLANG_WARN_ENUM_CONVERSION = YES;
				CLANG_WARN_INT_CONVERSION = YES;
				CLANG_WARN_OBJC_ROOT_CLASS = YES_ERROR;
				CLANG_WARN_UNREACHABLE_CODE = YES;
				CLANG_WARN__DUPLICATE_METHOD_MATCH = YES;
				COPY_PHASE_STRIP = NO;
				ENABLE_NS_ASSERTIONS = NO;
				ENABLE_STRICT_OBJC_MSGSEND = YES;
				GCC_NO_COMMON_BLOCKS = YES;
				GCC_WARN_ABOUT_RETURN_TYPE = YES_ERROR;
				GCC_WARN_UNDECLARED_SELECTOR = YES;
				GCC_WARN_UNINITIALIZED_AUTOS = YES_AGGRESSIVE;
				GCC_WARN_UNUSED_FUNCTION = YES;
				MACOSX_DEPLOYMENT_TARGET = 10.10;
				MTL_ENABLE_DEBUG_INFO = NO;
				OTHER_CFLAGS = "";
				OTHER_LDFLAGS = "";
				PRODUCT_NAME = "$(TARGET_NAME)";
			};
			name = Release;
		};
/* End XCBuildConfiguration section */

/* Begin XCConfigurationList section */
		2982C07014D3D5D10079E3AF /* Build configuration list for PBXProject "Lua" */ = {
			isa = XCConfigurationList;
			buildConfigurations = (
				2982C08A14D3D5D10079E3AF /* Debug */,
				2982C08B14D3D5D10079E3AF /* Release */,
			);
			defaultConfigurationIsVisible = 0;
			defaultConfigurationName = Release;
		};
		2982C08C14D3D5D10079E3AF /* Build configuration list for PBXNativeTarget "Lua" */ = {
			isa = XCConfigurationList;
			buildConfigurations = (
				2982C08D14D3D5D10079E3AF /* Debug */,
				2982C08E14D3D5D10079E3AF /* Release */,
			);
			defaultConfigurationIsVisible = 0;
			defaultConfigurationName = Release;
		};
		E4B0878A1AF09C0700709590 /* Build configuration list for PBXLegacyTarget "libluajit" */ = {
			isa = XCConfigurationList;
			buildConfigurations = (
				E4B087881AF09C0700709590 /* Debug */,
				E4B087891AF09C0700709590 /* Release */,
			);
			defaultConfigurationIsVisible = 0;
		};
/* End XCConfigurationList section */
	};
	rootObject = 2982C06D14D3D5D10079E3AF /* Project object */;
}
